
Microsoft Visual Studio Solution File, Format Version 12.00
# Visual Studio Version 17
VisualStudioVersion = 17.13.35913.81
MinimumVisualStudioVersion = 10.0.40219.1
Project("{FAE04EC0-301F-11D3-BF4B-00C04F79EFBC}") = "Backend", "Backend.csproj", "{062F652F-0CEF-4C95-8B53-446D89A289A7}"
EndProject
Global
	GlobalSection(SolutionConfigurationPlatforms) = preSolution
		Debug|Any CPU = Debug|Any CPU
		Release|Any CPU = Release|Any CPU
	EndGlobalSection
	GlobalSection(ProjectConfigurationPlatforms) = postSolution
		{062F652F-0CEF-4C95-8B53-446D89A289A7}.Debug|Any CPU.ActiveCfg = Debug|Any CPU
		{062F652F-0CEF-4C95-8B53-446D89A289A7}.Debug|Any CPU.Build.0 = Debug|Any CPU
		{062F652F-0CEF-4C95-8B53-446D89A289A7}.Release|Any CPU.ActiveCfg = Release|Any CPU
		{062F652F-0CEF-4C95-8B53-446D89A289A7}.Release|Any CPU.Build.0 = Release|Any CPU
	EndGlobalSection
	GlobalSection(SolutionProperties) = preSolution
		HideSolutionNode = FALSE
	EndGlobalSection
	GlobalSection(ExtensibilityGlobals) = postSolution
		SolutionGuid = {86067CC2-23E5-4901-9733-DF0D029F9D80}
	EndGlobalSection
EndGlobal
